version = 1
revision = 3
requires-python = ">=3.12"
resolution-markers = [
    "python_full_version >= '3.13'",
    "python_full_version < '3.13'",
]

[[package]]
name = "certifi"
version = "2024.8.30"
source = { registry = "https://pypi.org/simple" }
sdist = { url = "https://files.pythonhosted.org/packages/b0/ee/9b19140fe824b367c04c5e1b369942dd754c4c5462d5674002f75c4dedc1/certifi-2024.8.30.tar.gz", hash = "sha256:bec941d2aa8195e248a60b31ff9f0558284cf01a52591ceda73ea9afffd69fd9", size = 168507, upload-time = "2024-08-30T01:55:04.365Z" }
wheels = [
    { url = "https://files.pythonhosted.org/packages/12/90/3c9ff0512038035f59d279fddeb79f5f1eccd8859f06d6163c58798b9487/certifi-2024.8.30-py3-none-any.whl", hash = "sha256:922820b53db7a7257ffbda3f597266d435245903d80737e34f8a45ff3e3230d8", size = 167321, upload-time = "2024-08-30T01:55:02.591Z" },
]

[[package]]
name = "charset-normalizer"
version = "3.3.2"
source = { registry = "https://pypi.org/simple" }
sdist = { url = "https://files.pythonhosted.org/packages/63/09/c1bc53dab74b1816a00d8d030de5bf98f724c52c1635e07681d312f20be8/charset-normalizer-3.3.2.tar.gz", hash = "sha256:f30c3cb33b24454a82faecaf01b19c18562b1e89558fb6c56de4d9118a032fd5", size = 104809, upload-time = "2023-11-01T04:04:59.997Z" }
wheels = [
    { url = "https://files.pythonhosted.org/packages/d1/b2/fcedc8255ec42afee97f9e6f0145c734bbe104aac28300214593eb326f1d/charset_normalizer-3.3.2-cp312-cp312-macosx_10_9_universal2.whl", hash = "sha256:0b2b64d2bb6d3fb9112bafa732def486049e63de9618b5843bcdd081d8144cd8", size = 192892, upload-time = "2023-11-01T04:03:24.135Z" },
    { url = "https://files.pythonhosted.org/packages/2e/7d/2259318c202f3d17f3fe6438149b3b9e706d1070fe3fcbb28049730bb25c/charset_normalizer-3.3.2-cp312-cp312-macosx_10_9_x86_64.whl", hash = "sha256:ddbb2551d7e0102e7252db79ba445cdab71b26640817ab1e3e3648dad515003b", size = 122213, upload-time = "2023-11-01T04:03:25.66Z" },
    { url = "https://files.pythonhosted.org/packages/3a/52/9f9d17c3b54dc238de384c4cb5a2ef0e27985b42a0e5cc8e8a31d918d48d/charset_normalizer-3.3.2-cp312-cp312-macosx_11_0_arm64.whl", hash = "sha256:55086ee1064215781fff39a1af09518bc9255b50d6333f2e4c74ca09fac6a8f6", size = 119404, upload-time = "2023-11-01T04:03:27.04Z" },
    { url = "https://files.pythonhosted.org/packages/99/b0/9c365f6d79a9f0f3c379ddb40a256a67aa69c59609608fe7feb6235896e1/charset_normalizer-3.3.2-cp312-cp312-manylinux_2_17_aarch64.manylinux2014_aarch64.whl", hash = "sha256:8f4a014bc36d3c57402e2977dada34f9c12300af536839dc38c0beab8878f38a", size = 137275, upload-time = "2023-11-01T04:03:28.466Z" },
    { url = "https://files.pythonhosted.org/packages/91/33/749df346e93d7a30cdcb90cbfdd41a06026317bfbfb62cd68307c1a3c543/charset_normalizer-3.3.2-cp312-cp312-manylinux_2_17_ppc64le.manylinux2014_ppc64le.whl", hash = "sha256:a10af20b82360ab00827f916a6058451b723b4e65030c5a18577c8b2de5b3389", size = 147518, upload-time = "2023-11-01T04:03:29.82Z" },
    { url = "https://files.pythonhosted.org/packages/72/1a/641d5c9f59e6af4c7b53da463d07600a695b9824e20849cb6eea8a627761/charset_normalizer-3.3.2-cp312-cp312-manylinux_2_17_s390x.manylinux2014_s390x.whl", hash = "sha256:8d756e44e94489e49571086ef83b2bb8ce311e730092d2c34ca8f7d925cb20aa", size = 140182, upload-time = "2023-11-01T04:03:31.511Z" },
    { url = "https://files.pythonhosted.org/packages/ee/fb/14d30eb4956408ee3ae09ad34299131fb383c47df355ddb428a7331cfa1e/charset_normalizer-3.3.2-cp312-cp312-manylinux_2_17_x86_64.manylinux2014_x86_64.whl", hash = "sha256:90d558489962fd4918143277a773316e56c72da56ec7aa3dc3dbbe20fdfed15b", size = 141869, upload-time = "2023-11-01T04:03:32.887Z" },
    { url = "https://files.pythonhosted.org/packages/df/3e/a06b18788ca2eb6695c9b22325b6fde7dde0f1d1838b1792a0076f58fe9d/charset_normalizer-3.3.2-cp312-cp312-manylinux_2_5_i686.manylinux1_i686.manylinux_2_17_i686.manylinux2014_i686.whl", hash = "sha256:6ac7ffc7ad6d040517be39eb591cac5ff87416c2537df6ba3cba3bae290c0fed", size = 144042, upload-time = "2023-11-01T04:03:34.412Z" },
    { url = "https://files.pythonhosted.org/packages/45/59/3d27019d3b447a88fe7e7d004a1e04be220227760264cc41b405e863891b/charset_normalizer-3.3.2-cp312-cp312-musllinux_1_1_aarch64.whl", hash = "sha256:7ed9e526742851e8d5cc9e6cf41427dfc6068d4f5a3bb03659444b4cabf6bc26", size = 138275, upload-time = "2023-11-01T04:03:35.759Z" },
    { url = "https://files.pythonhosted.org/packages/7b/ef/5eb105530b4da8ae37d506ccfa25057961b7b63d581def6f99165ea89c7e/charset_normalizer-3.3.2-cp312-cp312-musllinux_1_1_i686.whl", hash = "sha256:8bdb58ff7ba23002a4c5808d608e4e6c687175724f54a5dade5fa8c67b604e4d", size = 144819, upload-time = "2023-11-01T04:03:37.216Z" },
    { url = "https://files.pythonhosted.org/packages/a2/51/e5023f937d7f307c948ed3e5c29c4b7a3e42ed2ee0b8cdf8f3a706089bf0/charset_normalizer-3.3.2-cp312-cp312-musllinux_1_1_ppc64le.whl", hash = "sha256:6b3251890fff30ee142c44144871185dbe13b11bab478a88887a639655be1068", size = 149415, upload-time = "2023-11-01T04:03:38.694Z" },
    { url = "https://files.pythonhosted.org/packages/24/9d/2e3ef673dfd5be0154b20363c5cdcc5606f35666544381bee15af3778239/charset_normalizer-3.3.2-cp312-cp312-musllinux_1_1_s390x.whl", hash = "sha256:b4a23f61ce87adf89be746c8a8974fe1c823c891d8f86eb218bb957c924bb143", size = 141212, upload-time = "2023-11-01T04:03:40.07Z" },
    { url = "https://files.pythonhosted.org/packages/5b/ae/ce2c12fcac59cb3860b2e2d76dc405253a4475436b1861d95fe75bdea520/charset_normalizer-3.3.2-cp312-cp312-musllinux_1_1_x86_64.whl", hash = "sha256:efcb3f6676480691518c177e3b465bcddf57cea040302f9f4e6e191af91174d4", size = 142167, upload-time = "2023-11-01T04:03:41.491Z" },
    { url = "https://files.pythonhosted.org/packages/ed/3a/a448bf035dce5da359daf9ae8a16b8a39623cc395a2ffb1620aa1bce62b0/charset_normalizer-3.3.2-cp312-cp312-win32.whl", hash = "sha256:d965bba47ddeec8cd560687584e88cf699fd28f192ceb452d1d7ee807c5597b7", size = 93041, upload-time = "2023-11-01T04:03:42.836Z" },
    { url = "https://files.pythonhosted.org/packages/b6/7c/8debebb4f90174074b827c63242c23851bdf00a532489fba57fef3416e40/charset_normalizer-3.3.2-cp312-cp312-win_amd64.whl", hash = "sha256:96b02a3dc4381e5494fad39be677abcb5e6634bf7b4fa83a6dd3112607547001", size = 100397, upload-time = "2023-11-01T04:03:44.467Z" },
    { url = "https://files.pythonhosted.org/packages/28/76/e6222113b83e3622caa4bb41032d0b1bf785250607392e1b778aca0b8a7d/charset_normalizer-3.3.2-py3-none-any.whl", hash = "sha256:3e4d1f6587322d2788836a99c69062fbb091331ec940e02d12d179c1d53e25fc", size = 48543, upload-time = "2023-11-01T04:04:58.622Z" },
]

[[package]]
name = "idna"
version = "3.8"
source = { registry = "https://pypi.org/simple" }
sdist = { url = "https://files.pythonhosted.org/packages/e8/ac/e349c5e6d4543326c6883ee9491e3921e0d07b55fdf3cce184b40d63e72a/idna-3.8.tar.gz", hash = "sha256:d838c2c0ed6fced7693d5e8ab8e734d5f8fda53a039c0164afb0b82e771e3603", size = 189467, upload-time = "2024-08-23T16:01:51.339Z" }
wheels = [
    { url = "https://files.pythonhosted.org/packages/22/7e/d71db821f177828df9dea8c42ac46473366f191be53080e552e628aad991/idna-3.8-py3-none-any.whl", hash = "sha256:050b4e5baadcd44d760cedbd2b8e639f2ff89bbc7a5730fcc662954303377aac", size = 66894, upload-time = "2024-08-23T16:01:49.963Z" },
]

[[package]]
name = "numpy"
version = "1.26.4"
source = { registry = "https://pypi.org/simple" }
sdist = { url = "https://files.pythonhosted.org/packages/65/6e/09db70a523a96d25e115e71cc56a6f9031e7b8cd166c1ac8438307c14058/numpy-1.26.4.tar.gz", hash = "sha256:2a02aba9ed12e4ac4eb3ea9421c420301a0c6460d9830d74a9df87efa4912010", size = 15786129, upload-time = "2024-02-06T00:26:44.495Z" }
wheels = [
    { url = "https://files.pythonhosted.org/packages/95/12/8f2020a8e8b8383ac0177dc9570aad031a3beb12e38847f7129bacd96228/numpy-1.26.4-cp312-cp312-macosx_10_9_x86_64.whl", hash = "sha256:b3ce300f3644fb06443ee2222c2201dd3a89ea6040541412b8fa189341847218", size = 20335901, upload-time = "2024-02-05T23:55:32.801Z" },
    { url = "https://files.pythonhosted.org/packages/75/5b/ca6c8bd14007e5ca171c7c03102d17b4f4e0ceb53957e8c44343a9546dcc/numpy-1.26.4-cp312-cp312-macosx_11_0_arm64.whl", hash = "sha256:03a8c78d01d9781b28a6989f6fa1bb2c4f2d51201cf99d3dd875df6fbd96b23b", size = 13685868, upload-time = "2024-02-05T23:55:56.28Z" },
    { url = "https://files.pythonhosted.org/packages/79/f8/97f10e6755e2a7d027ca783f63044d5b1bc1ae7acb12afe6a9b4286eac17/numpy-1.26.4-cp312-cp312-manylinux_2_17_aarch64.manylinux2014_aarch64.whl", hash = "sha256:9fad7dcb1aac3c7f0584a5a8133e3a43eeb2fe127f47e3632d43d677c66c102b", size = 13925109, upload-time = "2024-02-05T23:56:20.368Z" },
    { url = "https://files.pythonhosted.org/packages/0f/50/de23fde84e45f5c4fda2488c759b69990fd4512387a8632860f3ac9cd225/numpy-1.26.4-cp312-cp312-manylinux_2_17_x86_64.manylinux2014_x86_64.whl", hash = "sha256:675d61ffbfa78604709862923189bad94014bef562cc35cf61d3a07bba02a7ed", size = 17950613, upload-time = "2024-02-05T23:56:56.054Z" },
    { url = "https://files.pythonhosted.org/packages/4c/0c/9c603826b6465e82591e05ca230dfc13376da512b25ccd0894709b054ed0/numpy-1.26.4-cp312-cp312-musllinux_1_1_aarch64.whl", hash = "sha256:ab47dbe5cc8210f55aa58e4805fe224dac469cde56b9f731a4c098b91917159a", size = 13572172, upload-time = "2024-02-05T23:57:21.56Z" },
    { url = "https://files.pythonhosted.org/packages/76/8c/2ba3902e1a0fc1c74962ea9bb33a534bb05984ad7ff9515bf8d07527cadd/numpy-1.26.4-cp312-cp312-musllinux_1_1_x86_64.whl", hash = "sha256:1dda2e7b4ec9dd512f84935c5f126c8bd8b9f2fc001e9f54af255e8c5f16b0e0", size = 17786643, upload-time = "2024-02-05T23:57:56.585Z" },
    { url = "https://files.pythonhosted.org/packages/28/4a/46d9e65106879492374999e76eb85f87b15328e06bd1550668f79f7b18c6/numpy-1.26.4-cp312-cp312-win32.whl", hash = "sha256:50193e430acfc1346175fcbdaa28ffec49947a06918b7b92130744e81e640110", size = 5677803, upload-time = "2024-02-05T23:58:08.963Z" },
    { url = "https://files.pythonhosted.org/packages/16/2e/86f24451c2d530c88daf997cb8d6ac622c1d40d19f5a031ed68a4b73a374/numpy-1.26.4-cp312-cp312-win_amd64.whl", hash = "sha256:08beddf13648eb95f8d867350f6a018a4be2e5ad54c8d8caed89ebca558b2818", size = 15517754, upload-time = "2024-02-05T23:58:36.364Z" },
]

[[package]]
name = "pandas"
version = "2.1.4"
source = { registry = "https://pypi.org/simple" }
dependencies = [
    { name = "numpy" },
    { name = "python-dateutil" },
    { name = "pytz" },
    { name = "tzdata" },
]
sdist = { url = "https://files.pythonhosted.org/packages/6f/41/eb562668eaf93790762f600536b28c97b45803cba9253cd8e436cda96aef/pandas-2.1.4.tar.gz", hash = "sha256:fcb68203c833cc735321512e13861358079a96c174a61f5116a1de89c58c0ef7", size = 4274800, upload-time = "2023-12-08T15:38:29.713Z" }
wheels = [
    { url = "https://files.pythonhosted.org/packages/f5/16/64109832ed426d5c3e9f6b791e64a2b78d785823657640afb8f416ed1dc9/pandas-2.1.4-cp312-cp312-macosx_10_9_x86_64.whl", hash = "sha256:482d5076e1791777e1571f2e2d789e940dedd927325cc3cb6d0800c6304082f6", size = 11357488, upload-time = "2023-12-08T15:37:48.717Z" },
    { url = "https://files.pythonhosted.org/packages/0b/e0/8d97c7ecd73624f4cd5755578990b3cfbc6bbe350b8e017ede3580173a6f/pandas-2.1.4-cp312-cp312-macosx_11_0_arm64.whl", hash = "sha256:8a706cfe7955c4ca59af8c7a0517370eafbd98593155b48f10f9811da440248b", size = 10613199, upload-time = "2023-12-08T15:37:51.808Z" },
    { url = "https://files.pythonhosted.org/packages/54/be/98b894bef9acfc310de70fc03524473a9695981e1e87c7afa56ada08f016/pandas-2.1.4-cp312-cp312-manylinux_2_17_aarch64.manylinux2014_aarch64.whl", hash = "sha256:b0513a132a15977b4a5b89aabd304647919bc2169eac4c8536afb29c07c23540", size = 14288250, upload-time = "2023-12-08T15:37:55.263Z" },
    { url = "https://files.pythonhosted.org/packages/5b/5f/076b1ce74f80df0a9db244d30e30c4d4dee45342cbfa5f3e01f64cadf663/pandas-2.1.4-cp312-cp312-manylinux_2_17_x86_64.manylinux2014_x86_64.whl", hash = "sha256:e9f17f2b6fc076b2a0078862547595d66244db0f41bf79fc5f64a5c4d635bead", size = 11673138, upload-time = "2023-12-08T15:37:59.209Z" },
    { url = "https://files.pythonhosted.org/packages/cc/a8/13dced3276ea4514909a80c8dd08b43ab23007b4949701e3d7ae2a8ccd2d/pandas-2.1.4-cp312-cp312-musllinux_1_1_x86_64.whl", hash = "sha256:45d63d2a9b1b37fa6c84a68ba2422dc9ed018bdaa668c7f47566a01188ceeec1", size = 12389903, upload-time = "2023-12-08T15:38:02.655Z" },
    { url = "https://files.pythonhosted.org/packages/ae/d9/3741b344f57484b423cd22194025a8489992ad9962196a62721ef9980045/pandas-2.1.4-cp312-cp312-win_amd64.whl", hash = "sha256:f69b0c9bb174a2342818d3e2778584e18c740d56857fc5cdb944ec8bbe4082cf", size = 10498689, upload-time = "2023-12-08T15:38:05.834Z" },
]

[[package]]
name = "praw"
version = "7.7.1"
source = { registry = "https://pypi.org/simple" }
dependencies = [
    { name = "prawcore" },
    { name = "update-checker" },
    { name = "websocket-client" },
]
sdist = { url = "https://files.pythonhosted.org/packages/98/7f/b3afef1d2c7feedf260d0389da78753d0385c155cf2ef640427f0b499b8a/praw-7.7.1.tar.gz", hash = "sha256:f1d7eef414cafe28080dda12ed09253a095a69933d5c8132eca11d4dc8a070bf", size = 23610552, upload-time = "2023-07-11T20:51:53.263Z" }
wheels = [
    { url = "https://files.pythonhosted.org/packages/81/6a/21bc058bcccbe03f6a0895bf1bd60c805f0c526aa4e9bfaac775ed0b299c/praw-7.7.1-py3-none-any.whl", hash = "sha256:9ec5dc943db00c175bc6a53f4e089ce625f3fdfb27305564b616747b767d38ef", size = 191003, upload-time = "2023-07-11T20:51:50.29Z" },
]

[[package]]
name = "prawcore"
version = "2.4.0"
source = { registry = "https://pypi.org/simple" }
dependencies = [
    { name = "requests" },
]
sdist = { url = "https://files.pythonhosted.org/packages/8a/62/d4c99cf472205f1e5da846b058435a6a7c988abf8eb6f7d632a7f32f4a77/prawcore-2.4.0.tar.gz", hash = "sha256:b7b2b5a1d04406e086ab4e79988dc794df16059862f329f4c6a43ed09986c335", size = 15862, upload-time = "2023-10-01T23:30:49.408Z" }
wheels = [
    { url = "https://files.pythonhosted.org/packages/96/5c/8af904314e42d5401afcfaff69940dc448e974f80f7aa39b241a4fbf0cf1/prawcore-2.4.0-py3-none-any.whl", hash = "sha256:29af5da58d85704b439ad3c820873ad541f4535e00bb98c66f0fbcc8c603065a", size = 17203, upload-time = "2023-10-01T23:30:47.651Z" },
]

[[package]]
name = "py4j"
version = "0.10.9.7"
source = { registry = "https://pypi.org/simple" }
sdist = { url = "https://files.pythonhosted.org/packages/1e/f2/b34255180c72c36ff7097f7c2cdca02abcbd89f5eebf7c7c41262a9a0637/py4j-0.10.9.7.tar.gz", hash = "sha256:0b6e5315bb3ada5cf62ac651d107bb2ebc02def3dee9d9548e3baac644ea8dbb", size = 1508234, upload-time = "2022-08-12T22:49:09.792Z" }
wheels = [
    { url = "https://files.pythonhosted.org/packages/10/30/a58b32568f1623aaad7db22aa9eafc4c6c194b429ff35bdc55ca2726da47/py4j-0.10.9.7-py2.py3-none-any.whl", hash = "sha256:85defdfd2b2376eb3abf5ca6474b51ab7e0de341c75a02f46dc9b5976f5a5c1b", size = 200481, upload-time = "2022-08-12T22:49:07.05Z" },
]

[[package]]
name = "pyspark"
version = "3.5.1"
source = { registry = "https://pypi.org/simple" }
dependencies = [
    { name = "py4j" },
]
sdist = { url = "https://files.pythonhosted.org/packages/73/e5/c9eb78cc982dafb7b5834bc5c368fe596216c8b9f7c4b4ffa104c4d2ab8f/pyspark-3.5.1.tar.gz", hash = "sha256:dd6569e547365eadc4f887bf57f153e4d582a68c4b490de475d55b9981664910", size = 316955685, upload-time = "2024-02-26T02:41:49.644Z" }

[[package]]
name = "python-dateutil"
version = "2.9.0.post0"
source = { registry = "https://pypi.org/simple" }
dependencies = [
    { name = "six" },
]
sdist = { url = "https://files.pythonhosted.org/packages/66/c0/0c8b6ad9f17a802ee498c46e004a0eb49bc148f2fd230864601a86dcf6db/python-dateutil-2.9.0.post0.tar.gz", hash = "sha256:37dd54208da7e1cd875388217d5e00ebd4179249f90fb72437e91a35459a0ad3", size = 342432, upload-time = "2024-03-01T18:36:20.211Z" }
wheels = [
    { url = "https://files.pythonhosted.org/packages/ec/57/56b9bcc3c9c6a792fcbaf139543cee77261f3651ca9da0c93f5c1221264b/python_dateutil-2.9.0.post0-py2.py3-none-any.whl", hash = "sha256:a8b2bc7bffae282281c8140a97d3aa9c14da0b136dfe83f850eea9a5f7470427", size = 229892, upload-time = "2024-03-01T18:36:18.57Z" },
]

[[package]]
name = "pytz"
version = "2024.1"
source = { registry = "https://pypi.org/simple" }
sdist = { url = "https://files.pythonhosted.org/packages/90/26/9f1f00a5d021fff16dee3de13d43e5e978f3d58928e129c3a62cf7eb9738/pytz-2024.1.tar.gz", hash = "sha256:2a29735ea9c18baf14b448846bde5a48030ed267578472d8955cd0e7443a9812", size = 316214, upload-time = "2024-02-02T01:18:41.693Z" }
wheels = [
    { url = "https://files.pythonhosted.org/packages/9c/3d/a121f284241f08268b21359bd425f7d4825cffc5ac5cd0e1b3d82ffd2b10/pytz-2024.1-py2.py3-none-any.whl", hash = "sha256:328171f4e3623139da4983451950b28e95ac706e13f3f2630a879749e7a8b319", size = 505474, upload-time = "2024-02-02T01:18:37.283Z" },
]

[[package]]
name = "reddit-sentiment-etl-airflow-spark"
version = "0.1.0"
source = { virtual = "." }
dependencies = [
    { name = "pandas" },
    { name = "praw" },
    { name = "pyspark" },
    { name = "vadersentiment" },
]

[package.metadata]
requires-dist = [
    { name = "pandas" },
    { name = "praw", specifier = "==7.7.1" },
    { name = "pyspark", specifier = "==3.5.1" },
    { name = "vadersentiment", specifier = "==3.3.2" },
]

[[package]]
name = "requests"
version = "2.32.3"
source = { registry = "https://pypi.org/simple" }
dependencies = [
    { name = "certifi" },
    { name = "charset-normalizer" },
    { name = "idna" },
    { name = "urllib3" },
]
sdist = { url = "https://files.pythonhosted.org/packages/63/70/2bf7780ad2d390a8d301ad0b550f1581eadbd9a20f896afe06353c2a2913/requests-2.32.3.tar.gz", hash = "sha256:55365417734eb18255590a9ff9eb97e9e1da868d4ccd6402399eaf68af20a760", size = 131218, upload-time = "2024-05-29T15:37:49.536Z" }
wheels = [
    { url = "https://files.pythonhosted.org/packages/f9/9b/335f9764261e915ed497fcdeb11df5dfd6f7bf257d4a6a2a686d80da4d54/requests-2.32.3-py3-none-any.whl", hash = "sha256:70761cfe03c773ceb22aa2f671b4757976145175cdfca038c02654d061d6dcc6", size = 64928, upload-time = "2024-05-29T15:37:47.027Z" },
]

[[package]]
name = "six"
version = "1.16.0"
source = { registry = "https://pypi.org/simple" }
sdist = { url = "https://files.pythonhosted.org/packages/71/39/171f1c67cd00715f190ba0b100d606d440a28c93c7714febeca8b79af85e/six-1.16.0.tar.gz", hash = "sha256:1e61c37477a1626458e36f7b1d82aa5c9b094fa4802892072e49de9c60c4c926", size = 34041, upload-time = "2021-05-05T14:18:18.379Z" }
wheels = [
    { url = "https://files.pythonhosted.org/packages/d9/5a/e7c31adbe875f2abbb91bd84cf2dc52d792b5a01506781dbcf25c91daf11/six-1.16.0-py2.py3-none-any.whl", hash = "sha256:8abb2f1d86890a2dfb989f9a77cfcfd3e47c2a354b01111771326f8aa26e0254", size = 11053, upload-time = "2021-05-05T14:18:17.237Z" },
]

[[package]]
name = "tzdata"
version = "2024.1"
source = { registry = "https://pypi.org/simple" }
sdist = { url = "https://files.pythonhosted.org/packages/74/5b/e025d02cb3b66b7b76093404392d4b44343c69101cc85f4d180dd5784717/tzdata-2024.1.tar.gz", hash = "sha256:2674120f8d891909751c38abcdfd386ac0a5a1127954fbc332af6b5ceae07efd", size = 190559, upload-time = "2024-02-11T23:22:40.2Z" }
wheels = [
    { url = "https://files.pythonhosted.org/packages/65/58/f9c9e6be752e9fcb8b6a0ee9fb87e6e7a1f6bcab2cdc73f02bb7ba91ada0/tzdata-2024.1-py2.py3-none-any.whl", hash = "sha256:9068bc196136463f5245e51efda838afa15aaeca9903f49050dfa2679db4d252", size = 345370, upload-time = "2024-02-11T23:22:38.223Z" },
]

[[package]]
name = "update-checker"
version = "0.18.0"
source = { registry = "https://pypi.org/simple" }
dependencies = [
    { name = "requests" },
]
sdist = { url = "https://files.pythonhosted.org/packages/5c/0b/1bec4a6cc60d33ce93d11a7bcf1aeffc7ad0aa114986073411be31395c6f/update_checker-0.18.0.tar.gz", hash = "sha256:6a2d45bb4ac585884a6b03f9eade9161cedd9e8111545141e9aa9058932acb13", size = 6699, upload-time = "2020-08-04T07:08:50.429Z" }
wheels = [
    { url = "https://files.pythonhosted.org/packages/0c/ba/8dd7fa5f0b1c6a8ac62f8f57f7e794160c1f86f31c6d0fb00f582372a3e4/update_checker-0.18.0-py3-none-any.whl", hash = "sha256:cbba64760a36fe2640d80d85306e8fe82b6816659190993b7bdabadee4d4bbfd", size = 7008, upload-time = "2020-08-04T07:08:49.51Z" },
]

[[package]]
name = "urllib3"
version = "2.2.2"
source = { registry = "https://pypi.org/simple" }
sdist = { url = "https://files.pythonhosted.org/packages/43/6d/fa469ae21497ddc8bc93e5877702dca7cb8f911e337aca7452b5724f1bb6/urllib3-2.2.2.tar.gz", hash = "sha256:dd505485549a7a552833da5e6063639d0d177c04f23bc3864e41e5dc5f612168", size = 292266, upload-time = "2024-06-17T13:40:11.401Z" }
wheels = [
    { url = "https://files.pythonhosted.org/packages/ca/1c/89ffc63a9605b583d5df2be791a27bc1a42b7c32bab68d3c8f2f73a98cd4/urllib3-2.2.2-py3-none-any.whl", hash = "sha256:a448b2f64d686155468037e1ace9f2d2199776e17f0a46610480d311f73e3472", size = 121444, upload-time = "2024-06-17T13:40:07.795Z" },
]

[[package]]
name = "vadersentiment"
version = "3.3.2"
source = { registry = "https://pypi.org/simple" }
dependencies = [
    { name = "requests" },
]
sdist = { url = "https://files.pythonhosted.org/packages/77/8c/4a48c10a50f750ae565e341e697d74a38075a3e43ff0df6f1ab72e186902/vaderSentiment-3.3.2.tar.gz", hash = "sha256:5d7c06e027fc8b99238edb0d53d970cf97066ef97654009890b83703849632f9", size = 2466783, upload-time = "2020-05-22T15:06:32.81Z" }
wheels = [
    { url = "https://files.pythonhosted.org/packages/76/fc/310e16254683c1ed35eeb97386986d6c00bc29df17ce280aed64d55537e9/vaderSentiment-3.3.2-py2.py3-none-any.whl", hash = "sha256:3bf1d243b98b1afad575b9f22bc2cb1e212b94ff89ca74f8a23a588d024ea311", size = 125950, upload-time = "2020-05-22T15:07:00.052Z" },
]

[[package]]
name = "websocket-client"
version = "1.8.0"
source = { registry = "https://pypi.org/simple" }
sdist = { url = "https://files.pythonhosted.org/packages/e6/30/fba0d96b4b5fbf5948ed3f4681f7da2f9f64512e1d303f94b4cc174c24a5/websocket_client-1.8.0.tar.gz", hash = "sha256:3239df9f44da632f96012472805d40a23281a991027ce11d2f45a6f24ac4c3da", size = 54648, upload-time = "2024-04-23T22:16:16.976Z" }
wheels = [
    { url = "https://files.pythonhosted.org/packages/5a/84/44687a29792a70e111c5c477230a72c4b957d88d16141199bf9acb7537a3/websocket_client-1.8.0-py3-none-any.whl", hash = "sha256:17b44cc997f5c498e809b22cdf2d9c7a9e71c02c8cc2b6c56e7c2d1239bfa526", size = 58826, upload-time = "2024-04-23T22:16:14.422Z" },
]
